
Microsoft Visual Studio Solution File, Format Version 12.00
# Visual Studio Version 17
VisualStudioVersion = 17.4.33103.184
MinimumVisualStudioVersion = 10.0.40219.1
Project("{2150E333-8FDC-42A3-9474-1A3956D46DE8}") = "Services", "Services", "{F26C0364-6803-407C-BE59-01BB72282AED}"
EndProject
Project("{FAE04EC0-301F-11D3-BF4B-00C04F79EFBC}") = "Cargo.Services.Company", "Cargo.Services.Company\Cargo.Services.Company.csproj", "{785135B5-D93A-4B53-B1EA-F3165032AE83}"
EndProject
Global
	GlobalSection(SolutionConfigurationPlatforms) = preSolution
		Debug|Any CPU = Debug|Any CPU
		Release|Any CPU = Release|Any CPU
	EndGlobalSection
	GlobalSection(ProjectConfigurationPlatforms) = postSolution
		{785135B5-D93A-4B53-B1EA-F3165032AE83}.Debug|Any CPU.ActiveCfg = Debug|Any CPU
		{785135B5-D93A-4B53-B1EA-F3165032AE83}.Debug|Any CPU.Build.0 = Debug|Any CPU
		{785135B5-D93A-4B53-B1EA-F3165032AE83}.Release|Any CPU.ActiveCfg = Release|Any CPU
		{785135B5-D93A-4B53-B1EA-F3165032AE83}.Release|Any CPU.Build.0 = Release|Any CPU
	EndGlobalSection
	GlobalSection(SolutionProperties) = preSolution
		HideSolutionNode = FALSE
	EndGlobalSection
	GlobalSection(NestedProjects) = preSolution
		{785135B5-D93A-4B53-B1EA-F3165032AE83} = {F26C0364-6803-407C-BE59-01BB72282AED}
	EndGlobalSection
	GlobalSection(ExtensibilityGlobals) = postSolution
		SolutionGuid = {B179A3B6-105C-4E12-8366-2F3080A2DD00}
	EndGlobalSection
EndGlobal
