
Microsoft Visual Studio Solution File, Format Version 12.00
# Visual Studio Version 17
VisualStudioVersion = 17.4.33103.184
MinimumVisualStudioVersion = 10.0.40219.1
Project("{2150E333-8FDC-42A3-9474-1A3956D46DE8}") = "Services", "Services", "{F26C0364-6803-407C-BE59-01BB72282AED}"
EndProject
Project("{FAE04EC0-301F-11D3-BF4B-00C04F79EFBC}") = "CargoTransportApp.Services.CompanyAPI", "CargoTransportApp.Services.CompanyAPI\CargoTransportApp.Services.CompanyAPI.csproj", "{6DF203E7-BFF9-4F8A-95FB-50B8FD022626}"
EndProject
Project("{FAE04EC0-301F-11D3-BF4B-00C04F79EFBC}") = "CargoTransportApp.Services.ShippmentAPI", "CargoTransportApp.Services.ShippmentAPI\CargoTransportApp.Services.ShippmentAPI.csproj", "{6B8A579C-F29F-463A-9FEB-766BBB09C7F6}"
EndProject
Project("{FAE04EC0-301F-11D3-BF4B-00C04F79EFBC}") = "CargoTransportApp.Services.CustomerAPI", "CargoTransportApp.Services.CustomerAPI\CargoTransportApp.Services.CustomerAPI.csproj", "{D0131EED-6022-4F1E-9170-EF1CA6CED1CE}"
EndProject
Project("{FAE04EC0-301F-11D3-BF4B-00C04F79EFBC}") = "CargoTransportApp.Services.OrderAPI", "CargoTransportApp.Services.OrderAPI\CargoTransportApp.Services.OrderAPI.csproj", "{3CACD270-B0AE-47CD-AF88-3A396CFDC2A6}"
EndProject
Global
	GlobalSection(SolutionConfigurationPlatforms) = preSolution
		Debug|Any CPU = Debug|Any CPU
		Release|Any CPU = Release|Any CPU
	EndGlobalSection
	GlobalSection(ProjectConfigurationPlatforms) = postSolution
		{6DF203E7-BFF9-4F8A-95FB-50B8FD022626}.Debug|Any CPU.ActiveCfg = Debug|Any CPU
		{6DF203E7-BFF9-4F8A-95FB-50B8FD022626}.Debug|Any CPU.Build.0 = Debug|Any CPU
		{6DF203E7-BFF9-4F8A-95FB-50B8FD022626}.Release|Any CPU.ActiveCfg = Release|Any CPU
		{6DF203E7-BFF9-4F8A-95FB-50B8FD022626}.Release|Any CPU.Build.0 = Release|Any CPU
		{6B8A579C-F29F-463A-9FEB-766BBB09C7F6}.Debug|Any CPU.ActiveCfg = Debug|Any CPU
		{6B8A579C-F29F-463A-9FEB-766BBB09C7F6}.Debug|Any CPU.Build.0 = Debug|Any CPU
		{6B8A579C-F29F-463A-9FEB-766BBB09C7F6}.Release|Any CPU.ActiveCfg = Release|Any CPU
		{6B8A579C-F29F-463A-9FEB-766BBB09C7F6}.Release|Any CPU.Build.0 = Release|Any CPU
		{D0131EED-6022-4F1E-9170-EF1CA6CED1CE}.Debug|Any CPU.ActiveCfg = Debug|Any CPU
		{D0131EED-6022-4F1E-9170-EF1CA6CED1CE}.Debug|Any CPU.Build.0 = Debug|Any CPU
		{D0131EED-6022-4F1E-9170-EF1CA6CED1CE}.Release|Any CPU.ActiveCfg = Release|Any CPU
		{D0131EED-6022-4F1E-9170-EF1CA6CED1CE}.Release|Any CPU.Build.0 = Release|Any CPU
		{3CACD270-B0AE-47CD-AF88-3A396CFDC2A6}.Debug|Any CPU.ActiveCfg = Debug|Any CPU
		{3CACD270-B0AE-47CD-AF88-3A396CFDC2A6}.Debug|Any CPU.Build.0 = Debug|Any CPU
		{3CACD270-B0AE-47CD-AF88-3A396CFDC2A6}.Release|Any CPU.ActiveCfg = Release|Any CPU
		{3CACD270-B0AE-47CD-AF88-3A396CFDC2A6}.Release|Any CPU.Build.0 = Release|Any CPU
	EndGlobalSection
	GlobalSection(SolutionProperties) = preSolution
		HideSolutionNode = FALSE
	EndGlobalSection
	GlobalSection(NestedProjects) = preSolution
		{6DF203E7-BFF9-4F8A-95FB-50B8FD022626} = {F26C0364-6803-407C-BE59-01BB72282AED}
		{6B8A579C-F29F-463A-9FEB-766BBB09C7F6} = {F26C0364-6803-407C-BE59-01BB72282AED}
		{D0131EED-6022-4F1E-9170-EF1CA6CED1CE} = {F26C0364-6803-407C-BE59-01BB72282AED}
		{3CACD270-B0AE-47CD-AF88-3A396CFDC2A6} = {F26C0364-6803-407C-BE59-01BB72282AED}
	EndGlobalSection
	GlobalSection(ExtensibilityGlobals) = postSolution
		SolutionGuid = {B179A3B6-105C-4E12-8366-2F3080A2DD00}
	EndGlobalSection
EndGlobal
